
Microsoft Visual Studio Solution File, Format Version 10.00
# Visual Studio 2008
Project("{8BC9CEB8-8B4A-11D0-8D11-00A0C91BC942}") = "NeonFox_Assembler", "NeonFox_Assembler\NeonFox_Assembler.vcproj", "{5474DC40-080B-4ECD-87D1-963C5C569BB9}"
EndProject
Global
	GlobalSection(SolutionConfigurationPlatforms) = preSolution
		Debug|Win32 = Debug|Win32
		Release|Win32 = Release|Win32
	EndGlobalSection
	GlobalSection(ProjectConfigurationPlatforms) = postSolution
		{5474DC40-080B-4ECD-87D1-963C5C569BB9}.Debug|Win32.ActiveCfg = Debug|Win32
		{5474DC40-080B-4ECD-87D1-963C5C569BB9}.Debug|Win32.Build.0 = Debug|Win32
		{5474DC40-080B-4ECD-87D1-963C5C569BB9}.Release|Win32.ActiveCfg = Release|Win32
		{5474DC40-080B-4ECD-87D1-963C5C569BB9}.Release|Win32.Build.0 = Release|Win32
	EndGlobalSection
	GlobalSection(SolutionProperties) = preSolution
		HideSolutionNode = FALSE
	EndGlobalSection
EndGlobal
